
Microsoft Visual Studio Solution File, Format Version 12.00
# Visual Studio Version 17
VisualStudioVersion = 17.2.32516.85
MinimumVisualStudioVersion = 10.0.40219.1
Project("{FAE04EC0-301F-11D3-BF4B-00C04F79EFBC}") = "PuppeteerPlayground", "PuppeteerPlayground\PuppeteerPlayground.csproj", "{DF7E2AC4-485F-4CEB-9EB8-9CDEB2AB35FC}"
EndProject
Global
	GlobalSection(SolutionConfigurationPlatforms) = preSolution
		Debug|Any CPU = Debug|Any CPU
		Release|Any CPU = Release|Any CPU
	EndGlobalSection
	GlobalSection(ProjectConfigurationPlatforms) = postSolution
		{DF7E2AC4-485F-4CEB-9EB8-9CDEB2AB35FC}.Debug|Any CPU.ActiveCfg = Debug|Any CPU
		{DF7E2AC4-485F-4CEB-9EB8-9CDEB2AB35FC}.Debug|Any CPU.Build.0 = Debug|Any CPU
		{DF7E2AC4-485F-4CEB-9EB8-9CDEB2AB35FC}.Release|Any CPU.ActiveCfg = Release|Any CPU
		{DF7E2AC4-485F-4CEB-9EB8-9CDEB2AB35FC}.Release|Any CPU.Build.0 = Release|Any CPU
	EndGlobalSection
	GlobalSection(SolutionProperties) = preSolution
		HideSolutionNode = FALSE
	EndGlobalSection
	GlobalSection(ExtensibilityGlobals) = postSolution
		SolutionGuid = {19FD6B3A-5273-4D50-B126-A1EC290FFAA8}
	EndGlobalSection
EndGlobal
